<?xml version="1.0" encoding="utf-8"?>
<Project ToolsVersion="4.0" xmlns="http://schemas.microsoft.com/developer/msbuild/2003">
  <ItemGroup>
    <Filter Include="Source Files">
      <UniqueIdentifier>{4FC737F1-C7A5-4376-A066-2A32D752A2FF}</UniqueIdentifier>
      <Extensions>cpp;c;cc;cxx;def;odl;idl;hpj;bat;asm;asmx</Extensions>
    </Filter>
    <Filter Include="Header Files">
      <UniqueIdentifier>{93995380-89BD-4b04-88EB-625FBE52EBFB}</UniqueIdentifier>
      <Extensions>h;hh;hpp;hxx;hm;inl;inc;ipp;xsd</Extensions>
    </Filter>
    <Filter Include="Resource Files">
      <UniqueIdentifier>{67DA6AB6-F800-4c08-8B7A-83BB121AAD01}</UniqueIdentifier>
      <Extensions>rc;ico;cur;bmp;dlg;rc2;rct;bin;rgs;gif;jpg;jpeg;jpe;resx;tiff;tif;png;wav;mfcribbon-ms</Extensions>
    </Filter>
    <Filter Include="Components">
      <UniqueIdentifier>{737bd130-08cd-42ec-acd2-60be6a89e8e3}</UniqueIdentifier>
    </Filter>
    <Filter Include="Game">
      <UniqueIdentifier>{46375af8-f287-4c7a-95b4-8aa489a8ef34}</UniqueIdentifier>
    </Filter>
    <Filter Include="GameObjects">
      <UniqueIdentifier>{0da6c345-9224-45a9-943f-9a47a9646eb5}</UniqueIdentifier>
    </Filter>
    <Filter Include="SharedUniforms">
      <UniqueIdentifier>{d0c753b7-5ed8-430f-b945-dae57c93b540}</UniqueIdentifier>
    </Filter>
    <Filter Include="Sound">
      <UniqueIdentifier>{a00fdc7f-0044-49ff-91f9-319032c0396e}</UniqueIdentifier>
    </Filter>
  </ItemGroup>
  <ItemGroup>
    <None Include="packages.config" />
    <None Include="Shaders\fragmentShader.fs.glsl" />
    <None Include="Shaders\vertexShader.vs.glsl" />
  </ItemGroup>
  <ItemGroup>
    <ClInclude Include="SharedGeneralLighting.h">
      <Filter>SharedUniforms</Filter>
    </ClInclude>
    <ClInclude Include="SharedMaterialProperties.h">
      <Filter>SharedUniforms</Filter>
    </ClInclude>
    <ClInclude Include="SharedProjectionAndViewing.h">
      <Filter>SharedUniforms</Filter>
    </ClInclude>
    <ClInclude Include="SharedUniformBlock.h">
      <Filter>SharedUniforms</Filter>
    </ClInclude>
    <ClInclude Include="GameObject.h">
      <Filter>GameObjects</Filter>
    </ClInclude>
    <ClInclude Include="Game.h">
      <Filter>Game</Filter>
    </ClInclude>
    <ClInclude Include="Texture.h">
      <Filter>Game</Filter>
    </ClInclude>
    <ClInclude Include="MathLibsConstsFuncs.h">
      <Filter>Game</Filter>
    </ClInclude>
    <ClInclude Include="Component.h">
      <Filter>Components</Filter>
    </ClInclude>
    <ClInclude Include="ModelMeshComponent.h">
      <Filter>Components</Filter>
    </ClInclude>
    <ClInclude Include="MeshComponent.h">
      <Filter>Components</Filter>
    </ClInclude>
    <ClInclude Include="BuildShaderProgram.h">
      <Filter>Game</Filter>
    </ClInclude>
    <ClInclude Include="SoundBaseComponent.h">
      <Filter>Sound</Filter>
    </ClInclude>
    <ClInclude Include="SoundEngine.h">
      <Filter>Sound</Filter>
    </ClInclude>
    <ClInclude Include="SoundListenerComponent.h">
      <Filter>Sound</Filter>
    </ClInclude>
    <ClInclude Include="SoundReverbZoneComponent.h">
      <Filter>Sound</Filter>
    </ClInclude>
    <ClInclude Include="SoundSourceComponent.h">
      <Filter>Sound</Filter>
    </ClInclude>
    <ClInclude Include="KinematicsComponent.h">
      <Filter>Components</Filter>
    </ClInclude>
    <ClInclude Include="SceneNode.h">
      <Filter>Components</Filter>
    </ClInclude>
    <ClInclude Include="gl3w.h">
      <Filter>Header Files</Filter>
    </ClInclude>
    <ClInclude Include="glcorearb.h">
      <Filter>Header Files</Filter>
    </ClInclude>
    <ClInclude Include="khrplatform.h">
      <Filter>Header Files</Filter>
    </ClInclude>
    <ClInclude Include="main.h">
      <Filter>Header Files</Filter>
    </ClInclude>
    <ClInclude Include="BoxMeshComponent.h">
      <Filter>Components</Filter>
    </ClInclude>
    <ClInclude Include="CameraComponent.h">
      <Filter>Components</Filter>
    </ClInclude>
    <ClInclude Include="PhysicsEngine.h">
      <Filter>Game</Filter>
    </ClInclude>
    <ClInclude Include="RigidBodyComponent.h">
      <Filter>Components</Filter>
    </ClInclude>
    <ClInclude Include="CollisionComponent.h">
      <Filter>Components</Filter>
    </ClInclude>
    <ClInclude Include="WaypointComponent.h">
      <Filter>Components</Filter>
    </ClInclude>
  </ItemGroup>
  <ItemGroup>
    <ClCompile Include="main.cpp">
      <Filter>Source Files</Filter>
    </ClCompile>
    <ClCompile Include="gl3w.c">
      <Filter>Source Files</Filter>
    </ClCompile>
    <ClCompile Include="SharedGeneralLighting.cpp">
      <Filter>SharedUniforms</Filter>
    </ClCompile>
    <ClCompile Include="SharedMaterialProperties.cpp">
      <Filter>SharedUniforms</Filter>
    </ClCompile>
    <ClCompile Include="SharedProjectionAndViewing.cpp">
      <Filter>SharedUniforms</Filter>
    </ClCompile>
    <ClCompile Include="SharedUniformBlock.cpp">
      <Filter>SharedUniforms</Filter>
    </ClCompile>
    <ClCompile Include="GameObject.cpp">
      <Filter>GameObjects</Filter>
    </ClCompile>
    <ClCompile Include="Game.cpp">
      <Filter>Game</Filter>
    </ClCompile>
    <ClCompile Include="Texture.cpp">
      <Filter>Game</Filter>
    </ClCompile>
    <ClCompile Include="MathLibsConstsFuncs.cpp">
      <Filter>Game</Filter>
    </ClCompile>
    <ClCompile Include="Component.cpp">
      <Filter>Components</Filter>
    </ClCompile>
    <ClCompile Include="MeshComponent.cpp">
      <Filter>Components</Filter>
    </ClCompile>
    <ClCompile Include="ModelMeshComponent.cpp">
      <Filter>Components</Filter>
    </ClCompile>
    <ClCompile Include="BuildShaderProgram.cpp">
      <Filter>Game</Filter>
    </ClCompile>
    <ClCompile Include="SoundBaseComponent.cpp">
      <Filter>Sound</Filter>
    </ClCompile>
    <ClCompile Include="SoundEngine.cpp">
      <Filter>Sound</Filter>
    </ClCompile>
    <ClCompile Include="SoundListenerComponent.cpp">
      <Filter>Sound</Filter>
    </ClCompile>
    <ClCompile Include="SoundReverbZoneComponent.cpp">
      <Filter>Sound</Filter>
    </ClCompile>
    <ClCompile Include="SoundSourceComponent.cpp">
      <Filter>Sound</Filter>
    </ClCompile>
    <ClCompile Include="KinematicsComponent.cpp">
      <Filter>Components</Filter>
    </ClCompile>
    <ClCompile Include="SceneNode.cpp">
      <Filter>Components</Filter>
    </ClCompile>
    <ClCompile Include="RigidBodyComponent.cpp">
      <Filter>Components</Filter>
    </ClCompile>
    <ClCompile Include="BoxMeshComponent.cpp">
      <Filter>Components</Filter>
    </ClCompile>
    <ClCompile Include="PhysicsEngine.cpp">
      <Filter>Game</Filter>
    </ClCompile>
    <ClCompile Include="CollisionComponent.cpp">
      <Filter>Components</Filter>
    </ClCompile>
    <ClCompile Include="WaypointComponent.cpp">
      <Filter>Components</Filter>
    </ClCompile>
  </ItemGroup>
</Project>